
Microsoft Visual Studio Solution File, Format Version 12.00
# Visual Studio Version 16
VisualStudioVersion = 16.0.30804.86
MinimumVisualStudioVersion = 10.0.40219.1
Project("{FAE04EC0-301F-11D3-BF4B-00C04F79EFBC}") = "WalshLab1", "WalshLab1.csproj", "{500BA965-9D9D-44D0-A9E6-EC6F35390D8E}"
EndProject
Global
	GlobalSection(SolutionConfigurationPlatforms) = preSolution
		Debug|Any CPU = Debug|Any CPU
		Release|Any CPU = Release|Any CPU
	EndGlobalSection
	GlobalSection(ProjectConfigurationPlatforms) = postSolution
		{500BA965-9D9D-44D0-A9E6-EC6F35390D8E}.Debug|Any CPU.ActiveCfg = Debug|Any CPU
		{500BA965-9D9D-44D0-A9E6-EC6F35390D8E}.Debug|Any CPU.Build.0 = Debug|Any CPU
		{500BA965-9D9D-44D0-A9E6-EC6F35390D8E}.Release|Any CPU.ActiveCfg = Release|Any CPU
		{500BA965-9D9D-44D0-A9E6-EC6F35390D8E}.Release|Any CPU.Build.0 = Release|Any CPU
	EndGlobalSection
	GlobalSection(SolutionProperties) = preSolution
		HideSolutionNode = FALSE
	EndGlobalSection
	GlobalSection(ExtensibilityGlobals) = postSolution
		SolutionGuid = {B1AAF414-EF8A-4F29-AC39-97F2F66E2C2B}
	EndGlobalSection
EndGlobal
