
Microsoft Visual Studio Solution File, Format Version 12.00
# Visual Studio Version 16
VisualStudioVersion = 16.0.30804.86
MinimumVisualStudioVersion = 10.0.40219.1
Project("{FAE04EC0-301F-11D3-BF4B-00C04F79EFBC}") = "WalshLab6", "WalshLab6.csproj", "{B8FE088A-3B75-4A19-9F4A-7F51AF442036}"
EndProject
Global
	GlobalSection(SolutionConfigurationPlatforms) = preSolution
		Debug|Any CPU = Debug|Any CPU
		Release|Any CPU = Release|Any CPU
	EndGlobalSection
	GlobalSection(ProjectConfigurationPlatforms) = postSolution
		{B8FE088A-3B75-4A19-9F4A-7F51AF442036}.Debug|Any CPU.ActiveCfg = Debug|Any CPU
		{B8FE088A-3B75-4A19-9F4A-7F51AF442036}.Debug|Any CPU.Build.0 = Debug|Any CPU
		{B8FE088A-3B75-4A19-9F4A-7F51AF442036}.Release|Any CPU.ActiveCfg = Release|Any CPU
		{B8FE088A-3B75-4A19-9F4A-7F51AF442036}.Release|Any CPU.Build.0 = Release|Any CPU
	EndGlobalSection
	GlobalSection(SolutionProperties) = preSolution
		HideSolutionNode = FALSE
	EndGlobalSection
	GlobalSection(ExtensibilityGlobals) = postSolution
		SolutionGuid = {2F08C862-BD7C-434E-AB8E-09C34CD04174}
	EndGlobalSection
EndGlobal
