
Microsoft Visual Studio Solution File, Format Version 12.00
# Visual Studio Version 16
VisualStudioVersion = 16.0.30804.86
MinimumVisualStudioVersion = 10.0.40219.1
Project("{FAE04EC0-301F-11D3-BF4B-00C04F79EFBC}") = "WalshLab8", "WalshLab8.csproj", "{370DE1D0-27F6-4F41-A406-033CEE2C146F}"
EndProject
Global
	GlobalSection(SolutionConfigurationPlatforms) = preSolution
		Debug|Any CPU = Debug|Any CPU
		Release|Any CPU = Release|Any CPU
	EndGlobalSection
	GlobalSection(ProjectConfigurationPlatforms) = postSolution
		{370DE1D0-27F6-4F41-A406-033CEE2C146F}.Debug|Any CPU.ActiveCfg = Debug|Any CPU
		{370DE1D0-27F6-4F41-A406-033CEE2C146F}.Debug|Any CPU.Build.0 = Debug|Any CPU
		{370DE1D0-27F6-4F41-A406-033CEE2C146F}.Release|Any CPU.ActiveCfg = Release|Any CPU
		{370DE1D0-27F6-4F41-A406-033CEE2C146F}.Release|Any CPU.Build.0 = Release|Any CPU
	EndGlobalSection
	GlobalSection(SolutionProperties) = preSolution
		HideSolutionNode = FALSE
	EndGlobalSection
	GlobalSection(ExtensibilityGlobals) = postSolution
		SolutionGuid = {86D1CA3A-A166-4DD0-99DC-5FF2B920C22A}
	EndGlobalSection
EndGlobal
