
Microsoft Visual Studio Solution File, Format Version 12.00
# Visual Studio Version 16
VisualStudioVersion = 16.0.30907.101
MinimumVisualStudioVersion = 10.0.40219.1
Project("{FAE04EC0-301F-11D3-BF4B-00C04F79EFBC}") = "Lab5", "Lab5\Lab5.csproj", "{A919E0C9-EAA3-43BD-A920-B16E92D74EB4}"
EndProject
Global
	GlobalSection(SolutionConfigurationPlatforms) = preSolution
		Debug|Any CPU = Debug|Any CPU
		Release|Any CPU = Release|Any CPU
	EndGlobalSection
	GlobalSection(ProjectConfigurationPlatforms) = postSolution
		{A919E0C9-EAA3-43BD-A920-B16E92D74EB4}.Debug|Any CPU.ActiveCfg = Debug|Any CPU
		{A919E0C9-EAA3-43BD-A920-B16E92D74EB4}.Debug|Any CPU.Build.0 = Debug|Any CPU
		{A919E0C9-EAA3-43BD-A920-B16E92D74EB4}.Release|Any CPU.ActiveCfg = Release|Any CPU
		{A919E0C9-EAA3-43BD-A920-B16E92D74EB4}.Release|Any CPU.Build.0 = Release|Any CPU
	EndGlobalSection
	GlobalSection(SolutionProperties) = preSolution
		HideSolutionNode = FALSE
	EndGlobalSection
	GlobalSection(ExtensibilityGlobals) = postSolution
		SolutionGuid = {5D6B9530-0C84-4704-BD30-4FB0F3ABF19A}
	EndGlobalSection
EndGlobal
